// !$*UTF8*$!
{
	archiveVersion = 1;
	classes = {
	};
	objectVersion = 60;
	objects = {

/* Begin PBXBuildFile section */
		A00000000000000000000101 /* LoopApp.swift in Sources */ = {isa = PBXBuildFile; fileRef = A00000000000000000000001 /* LoopApp.swift */; };
		A00000000000000000000102 /* LoopModels.swift in Sources */ = {isa = PBXBuildFile; fileRef = A00000000000000000000002 /* LoopModels.swift */; };
		A00000000000000000000103 /* KeychainStore.swift in Sources */ = {isa = PBXBuildFile; fileRef = A00000000000000000000003 /* KeychainStore.swift */; };
		A00000000000000000000104 /* APIClient.swift in Sources */ = {isa = PBXBuildFile; fileRef = A00000000000000000000004 /* APIClient.swift */; };
		A00000000000000000000105 /* SessionStore.swift in Sources */ = {isa = PBXBuildFile; fileRef = A00000000000000000000005 /* SessionStore.swift */; };
		A00000000000000000000106 /* DesignSystem.swift in Sources */ = {isa = PBXBuildFile; fileRef = A00000000000000000000006 /* DesignSystem.swift */; };
		A00000000000000000000107 /* AuthView.swift in Sources */ = {isa = PBXBuildFile; fileRef = A00000000000000000000007 /* AuthView.swift */; };
		A00000000000000000000108 /* MainAppView.swift in Sources */ = {isa = PBXBuildFile; fileRef = A00000000000000000000008 /* MainAppView.swift */; };
		A00000000000000000000109 /* FeedView.swift in Sources */ = {isa = PBXBuildFile; fileRef = A00000000000000000000009 /* FeedView.swift */; };
		A0000000000000000000010A /* LoopPlayerView.swift in Sources */ = {isa = PBXBuildFile; fileRef = A0000000000000000000000A /* LoopPlayerView.swift */; };
		A0000000000000000000010B /* CommentsSheet.swift in Sources */ = {isa = PBXBuildFile; fileRef = A0000000000000000000000B /* CommentsSheet.swift */; };
		A0000000000000000000010C /* CreateLoopView.swift in Sources */ = {isa = PBXBuildFile; fileRef = A0000000000000000000000C /* CreateLoopView.swift */; };
		A0000000000000000000010D /* ExploreView.swift in Sources */ = {isa = PBXBuildFile; fileRef = A0000000000000000000000D /* ExploreView.swift */; };
		A0000000000000000000010E /* ProfileView.swift in Sources */ = {isa = PBXBuildFile; fileRef = A0000000000000000000000E /* ProfileView.swift */; };
		A0000000000000000000010F /* InboxView.swift in Sources */ = {isa = PBXBuildFile; fileRef = A0000000000000000000000F /* InboxView.swift */; };
		A00000000000000000000110 /* LoopNotificationService.swift in Sources */ = {isa = PBXBuildFile; fileRef = A00000000000000000000011 /* LoopNotificationService.swift */; };
		A00000000000000000000111 /* LoopDetailView.swift in Sources */ = {isa = PBXBuildFile; fileRef = A00000000000000000000012 /* LoopDetailView.swift */; };
		A00000000000000000000112 /* Assets.xcassets in Resources */ = {isa = PBXBuildFile; fileRef = A00000000000000000000013 /* Assets.xcassets */; };
		A00000000000000000000113 /* AdvertisingService.swift in Sources */ = {isa = PBXBuildFile; fileRef = A00000000000000000000014 /* AdvertisingService.swift */; };
		A00000000000000000000114 /* GoogleMobileAds in Frameworks */ = {isa = PBXBuildFile; productRef = A00000000000000000000702 /* GoogleMobileAds */; };
/* End PBXBuildFile section */

/* Begin PBXFileReference section */
		A00000000000000000000001 /* LoopApp.swift */ = {isa = PBXFileReference; lastKnownFileType = sourcecode.swift; path = LoopApp.swift; sourceTree = "<group>"; };
		A00000000000000000000002 /* LoopModels.swift */ = {isa = PBXFileReference; lastKnownFileType = sourcecode.swift; path = LoopModels.swift; sourceTree = "<group>"; };
		A00000000000000000000003 /* KeychainStore.swift */ = {isa = PBXFileReference; lastKnownFileType = sourcecode.swift; path = KeychainStore.swift; sourceTree = "<group>"; };
		A00000000000000000000004 /* APIClient.swift */ = {isa = PBXFileReference; lastKnownFileType = sourcecode.swift; path = APIClient.swift; sourceTree = "<group>"; };
		A00000000000000000000005 /* SessionStore.swift */ = {isa = PBXFileReference; lastKnownFileType = sourcecode.swift; path = SessionStore.swift; sourceTree = "<group>"; };
		A00000000000000000000006 /* DesignSystem.swift */ = {isa = PBXFileReference; lastKnownFileType = sourcecode.swift; path = DesignSystem.swift; sourceTree = "<group>"; };
		A00000000000000000000007 /* AuthView.swift */ = {isa = PBXFileReference; lastKnownFileType = sourcecode.swift; path = AuthView.swift; sourceTree = "<group>"; };
		A00000000000000000000008 /* MainAppView.swift */ = {isa = PBXFileReference; lastKnownFileType = sourcecode.swift; path = MainAppView.swift; sourceTree = "<group>"; };
		A00000000000000000000009 /* FeedView.swift */ = {isa = PBXFileReference; lastKnownFileType = sourcecode.swift; path = FeedView.swift; sourceTree = "<group>"; };
		A0000000000000000000000A /* LoopPlayerView.swift */ = {isa = PBXFileReference; lastKnownFileType = sourcecode.swift; path = LoopPlayerView.swift; sourceTree = "<group>"; };
		A0000000000000000000000B /* CommentsSheet.swift */ = {isa = PBXFileReference; lastKnownFileType = sourcecode.swift; path = CommentsSheet.swift; sourceTree = "<group>"; };
		A0000000000000000000000C /* CreateLoopView.swift */ = {isa = PBXFileReference; lastKnownFileType = sourcecode.swift; path = CreateLoopView.swift; sourceTree = "<group>"; };
		A0000000000000000000000D /* ExploreView.swift */ = {isa = PBXFileReference; lastKnownFileType = sourcecode.swift; path = ExploreView.swift; sourceTree = "<group>"; };
		A0000000000000000000000E /* ProfileView.swift */ = {isa = PBXFileReference; lastKnownFileType = sourcecode.swift; path = ProfileView.swift; sourceTree = "<group>"; };
		A0000000000000000000000F /* InboxView.swift */ = {isa = PBXFileReference; lastKnownFileType = sourcecode.swift; path = InboxView.swift; sourceTree = "<group>"; };
		A00000000000000000000010 /* Info.plist */ = {isa = PBXFileReference; lastKnownFileType = text.plist.xml; path = Info.plist; sourceTree = "<group>"; };
		A00000000000000000000011 /* LoopNotificationService.swift */ = {isa = PBXFileReference; lastKnownFileType = sourcecode.swift; path = LoopNotificationService.swift; sourceTree = "<group>"; };
		A00000000000000000000012 /* LoopDetailView.swift */ = {isa = PBXFileReference; lastKnownFileType = sourcecode.swift; path = LoopDetailView.swift; sourceTree = "<group>"; };
		A00000000000000000000013 /* Assets.xcassets */ = {isa = PBXFileReference; lastKnownFileType = folder.assetcatalog; path = Assets.xcassets; sourceTree = "<group>"; };
		A00000000000000000000014 /* AdvertisingService.swift */ = {isa = PBXFileReference; lastKnownFileType = sourcecode.swift; path = AdvertisingService.swift; sourceTree = "<group>"; };
		A00000000000000000000020 /* Loop.app */ = {isa = PBXFileReference; explicitFileType = wrapper.application; includeInIndex = 0; path = Loop.app; sourceTree = BUILT_PRODUCTS_DIR; };
/* End PBXFileReference section */

/* Begin PBXFrameworksBuildPhase section */
		A00000000000000000000201 /* Frameworks */ = {
			isa = PBXFrameworksBuildPhase;
			buildActionMask = 2147483647;
			files = (
				A00000000000000000000114 /* GoogleMobileAds in Frameworks */,
			);
			runOnlyForDeploymentPostprocessing = 0;
		};
/* End PBXFrameworksBuildPhase section */

/* Begin PBXGroup section */
		A00000000000000000000300 = {
			isa = PBXGroup;
			children = (
				A00000000000000000000301 /* Loop */,
				A00000000000000000000320 /* Products */,
			);
			sourceTree = "<group>";
		};
		A00000000000000000000301 /* Loop */ = {
			isa = PBXGroup;
			children = (
				A00000000000000000000302 /* App */,
				A00000000000000000000303 /* Models */,
				A00000000000000000000304 /* Services */,
				A00000000000000000000305 /* Views */,
				A0000000000000000000030B /* Resources */,
			);
			path = Loop;
			sourceTree = "<group>";
		};
		A00000000000000000000302 /* App */ = {
			isa = PBXGroup;
			children = (
				A00000000000000000000001 /* LoopApp.swift */,
			);
			path = App;
			sourceTree = "<group>";
		};
		A00000000000000000000303 /* Models */ = {
			isa = PBXGroup;
			children = (
				A00000000000000000000002 /* LoopModels.swift */,
			);
			path = Models;
			sourceTree = "<group>";
		};
		A00000000000000000000304 /* Services */ = {
			isa = PBXGroup;
			children = (
				A00000000000000000000004 /* APIClient.swift */,
				A00000000000000000000014 /* AdvertisingService.swift */,
				A00000000000000000000003 /* KeychainStore.swift */,
				A00000000000000000000011 /* LoopNotificationService.swift */,
				A00000000000000000000005 /* SessionStore.swift */,
			);
			path = Services;
			sourceTree = "<group>";
		};
		A00000000000000000000305 /* Views */ = {
			isa = PBXGroup;
			children = (
				A00000000000000000000306 /* Auth */,
				A00000000000000000000307 /* Components */,
				A00000000000000000000308 /* Feed */,
				A00000000000000000000309 /* Upload */,
				A0000000000000000000030A /* Profile */,
			);
			path = Views;
			sourceTree = "<group>";
		};
		A00000000000000000000306 /* Auth */ = {
			isa = PBXGroup;
			children = (
				A00000000000000000000007 /* AuthView.swift */,
			);
			path = Auth;
			sourceTree = "<group>";
		};
		A00000000000000000000307 /* Components */ = {
			isa = PBXGroup;
			children = (
				A00000000000000000000006 /* DesignSystem.swift */,
			);
			path = Components;
			sourceTree = "<group>";
		};
		A00000000000000000000308 /* Feed */ = {
			isa = PBXGroup;
			children = (
				A0000000000000000000000B /* CommentsSheet.swift */,
				A00000000000000000000009 /* FeedView.swift */,
				A00000000000000000000012 /* LoopDetailView.swift */,
				A00000000000000000000008 /* MainAppView.swift */,
				A0000000000000000000000A /* LoopPlayerView.swift */,
			);
			path = Feed;
			sourceTree = "<group>";
		};
		A00000000000000000000309 /* Upload */ = {
			isa = PBXGroup;
			children = (
				A0000000000000000000000C /* CreateLoopView.swift */,
			);
			path = Upload;
			sourceTree = "<group>";
		};
		A0000000000000000000030A /* Profile */ = {
			isa = PBXGroup;
			children = (
				A0000000000000000000000D /* ExploreView.swift */,
				A0000000000000000000000F /* InboxView.swift */,
				A0000000000000000000000E /* ProfileView.swift */,
			);
			path = Profile;
			sourceTree = "<group>";
		};
		A0000000000000000000030B /* Resources */ = {
			isa = PBXGroup;
			children = (
				A00000000000000000000013 /* Assets.xcassets */,
				A00000000000000000000010 /* Info.plist */,
			);
			path = Resources;
			sourceTree = "<group>";
		};
		A00000000000000000000320 /* Products */ = {
			isa = PBXGroup;
			children = (
				A00000000000000000000020 /* Loop.app */,
			);
			name = Products;
			sourceTree = "<group>";
		};
/* End PBXGroup section */

/* Begin PBXNativeTarget section */
		A00000000000000000000400 /* Loop */ = {
			isa = PBXNativeTarget;
			buildConfigurationList = A00000000000000000000610 /* Build configuration list for PBXNativeTarget "Loop" */;
			buildPhases = (
				A00000000000000000000202 /* Sources */,
				A00000000000000000000201 /* Frameworks */,
				A00000000000000000000203 /* Resources */,
			);
			buildRules = (
			);
			dependencies = (
			);
			name = Loop;
			packageProductDependencies = (
				A00000000000000000000702 /* GoogleMobileAds */,
			);
			productName = Loop;
			productReference = A00000000000000000000020 /* Loop.app */;
			productType = "com.apple.product-type.application";
		};
/* End PBXNativeTarget section */

/* Begin PBXProject section */
		A00000000000000000000500 /* Project object */ = {
			isa = PBXProject;
			attributes = {
				BuildIndependentTargetsInParallel = 1;
				LastSwiftUpdateCheck = 2700;
				LastUpgradeCheck = 2700;
				TargetAttributes = {
					A00000000000000000000400 = {
						CreatedOnToolsVersion = 27.0;
					};
				};
			};
			buildConfigurationList = A00000000000000000000600 /* Build configuration list for PBXProject "Loop" */;
			compatibilityVersion = "Xcode 15.0";
			developmentRegion = en;
			hasScannedForEncodings = 0;
			knownRegions = (
				en,
				Base,
			);
			mainGroup = A00000000000000000000300;
			packageReferences = (
				A00000000000000000000701 /* XCRemoteSwiftPackageReference "swift-package-manager-google-mobile-ads" */,
			);
			productRefGroup = A00000000000000000000320 /* Products */;
			projectDirPath = "";
			projectRoot = "";
			targets = (
				A00000000000000000000400 /* Loop */,
			);
		};
/* End PBXProject section */

/* Begin PBXResourcesBuildPhase section */
		A00000000000000000000203 /* Resources */ = {
			isa = PBXResourcesBuildPhase;
			buildActionMask = 2147483647;
			files = (
				A00000000000000000000112 /* Assets.xcassets in Resources */,
			);
			runOnlyForDeploymentPostprocessing = 0;
		};
/* End PBXResourcesBuildPhase section */

/* Begin PBXSourcesBuildPhase section */
		A00000000000000000000202 /* Sources */ = {
			isa = PBXSourcesBuildPhase;
			buildActionMask = 2147483647;
			files = (
				A00000000000000000000101 /* LoopApp.swift in Sources */,
				A00000000000000000000102 /* LoopModels.swift in Sources */,
				A00000000000000000000103 /* KeychainStore.swift in Sources */,
				A00000000000000000000104 /* APIClient.swift in Sources */,
				A00000000000000000000105 /* SessionStore.swift in Sources */,
				A00000000000000000000106 /* DesignSystem.swift in Sources */,
				A00000000000000000000107 /* AuthView.swift in Sources */,
				A00000000000000000000108 /* MainAppView.swift in Sources */,
				A00000000000000000000109 /* FeedView.swift in Sources */,
				A0000000000000000000010A /* LoopPlayerView.swift in Sources */,
				A0000000000000000000010B /* CommentsSheet.swift in Sources */,
				A0000000000000000000010C /* CreateLoopView.swift in Sources */,
				A0000000000000000000010D /* ExploreView.swift in Sources */,
				A0000000000000000000010E /* ProfileView.swift in Sources */,
				A0000000000000000000010F /* InboxView.swift in Sources */,
				A00000000000000000000110 /* LoopNotificationService.swift in Sources */,
				A00000000000000000000111 /* LoopDetailView.swift in Sources */,
				A00000000000000000000113 /* AdvertisingService.swift in Sources */,
			);
			runOnlyForDeploymentPostprocessing = 0;
		};
/* End PBXSourcesBuildPhase section */

/* Begin XCRemoteSwiftPackageReference section */
		A00000000000000000000701 /* XCRemoteSwiftPackageReference "swift-package-manager-google-mobile-ads" */ = {
			isa = XCRemoteSwiftPackageReference;
			repositoryURL = "https://github.com/googleads/swift-package-manager-google-mobile-ads.git";
			requirement = {
				kind = upToNextMajorVersion;
				minimumVersion = 13.0.0;
			};
		};
/* End XCRemoteSwiftPackageReference section */

/* Begin XCSwiftPackageProductDependency section */
		A00000000000000000000702 /* GoogleMobileAds */ = {
			isa = XCSwiftPackageProductDependency;
			package = A00000000000000000000701 /* XCRemoteSwiftPackageReference "swift-package-manager-google-mobile-ads" */;
			productName = GoogleMobileAds;
		};
/* End XCSwiftPackageProductDependency section */

/* Begin XCBuildConfiguration section */
		A00000000000000000000601 /* Debug */ = {
			isa = XCBuildConfiguration;
			buildSettings = {
				ALWAYS_SEARCH_USER_PATHS = NO;
				CLANG_ANALYZER_NONNULL = YES;
				CLANG_ANALYZER_NUMBER_OBJECT_CONVERSION = YES_AGGRESSIVE;
				CLANG_CXX_LANGUAGE_STANDARD = "gnu++20";
				CLANG_ENABLE_MODULES = YES;
				CLANG_ENABLE_OBJC_ARC = YES;
				CLANG_ENABLE_OBJC_WEAK = YES;
				CLANG_WARN_BLOCK_CAPTURE_AUTORELEASING = YES;
				CLANG_WARN_BOOL_CONVERSION = YES;
				CLANG_WARN_COMMA = YES;
				CLANG_WARN_CONSTANT_CONVERSION = YES;
				CLANG_WARN_DEPRECATED_OBJC_IMPLEMENTATIONS = YES;
				CLANG_WARN_DIRECT_OBJC_ISA_USAGE = YES_ERROR;
				CLANG_WARN_DOCUMENTATION_COMMENTS = YES;
				CLANG_WARN_EMPTY_BODY = YES;
				CLANG_WARN_ENUM_CONVERSION = YES;
				CLANG_WARN_INFINITE_RECURSION = YES;
				CLANG_WARN_INT_CONVERSION = YES;
				CLANG_WARN_NON_LITERAL_NULL_CONVERSION = YES;
				CLANG_WARN_OBJC_IMPLICIT_RETAIN_SELF = YES;
				CLANG_WARN_OBJC_LITERAL_CONVERSION = YES;
				CLANG_WARN_OBJC_ROOT_CLASS = YES_ERROR;
				CLANG_WARN_QUOTED_INCLUDE_IN_FRAMEWORK_HEADER = YES;
				CLANG_WARN_RANGE_LOOP_ANALYSIS = YES;
				CLANG_WARN_STRICT_PROTOTYPES = YES;
				CLANG_WARN_SUSPICIOUS_MOVE = YES;
				CLANG_WARN_UNGUARDED_AVAILABILITY = YES_AGGRESSIVE;
				CLANG_WARN_UNREACHABLE_CODE = YES;
				CLANG_WARN__DUPLICATE_METHOD_MATCH = YES;
				COPY_PHASE_STRIP = NO;
				DEBUG_INFORMATION_FORMAT = dwarf;
				ENABLE_STRICT_OBJC_MSGSEND = YES;
				ENABLE_TESTABILITY = YES;
				ENABLE_USER_SCRIPT_SANDBOXING = YES;
				GCC_C_LANGUAGE_STANDARD = gnu17;
				GCC_DYNAMIC_NO_PIC = NO;
				GCC_NO_COMMON_BLOCKS = YES;
				GCC_OPTIMIZATION_LEVEL = 0;
				GCC_PREPROCESSOR_DEFINITIONS = (
					"DEBUG=1",
					"$(inherited)",
				);
				GCC_WARN_64_TO_32_BIT_CONVERSION = YES;
				GCC_WARN_ABOUT_RETURN_TYPE = YES_ERROR;
				GCC_WARN_UNDECLARED_SELECTOR = YES;
				GCC_WARN_UNINITIALIZED_AUTOS = YES_AGGRESSIVE;
				GCC_WARN_UNUSED_FUNCTION = YES;
				GCC_WARN_UNUSED_VARIABLE = YES;
				IPHONEOS_DEPLOYMENT_TARGET = 17.0;
				MTL_ENABLE_DEBUG_INFO = INCLUDE_SOURCE;
				MTL_FAST_MATH = YES;
				ONLY_ACTIVE_ARCH = YES;
				SDKROOT = iphoneos;
				SWIFT_ACTIVE_COMPILATION_CONDITIONS = DEBUG;
				SWIFT_OPTIMIZATION_LEVEL = "-Onone";
			};
			name = Debug;
		};
		A00000000000000000000602 /* Release */ = {
			isa = XCBuildConfiguration;
			buildSettings = {
				ALWAYS_SEARCH_USER_PATHS = NO;
				CLANG_ANALYZER_NONNULL = YES;
				CLANG_ANALYZER_NUMBER_OBJECT_CONVERSION = YES_AGGRESSIVE;
				CLANG_CXX_LANGUAGE_STANDARD = "gnu++20";
				CLANG_ENABLE_MODULES = YES;
				CLANG_ENABLE_OBJC_ARC = YES;
				CLANG_ENABLE_OBJC_WEAK = YES;
				CLANG_WARN_BLOCK_CAPTURE_AUTORELEASING = YES;
				CLANG_WARN_BOOL_CONVERSION = YES;
				CLANG_WARN_COMMA = YES;
				CLANG_WARN_CONSTANT_CONVERSION = YES;
				CLANG_WARN_DEPRECATED_OBJC_IMPLEMENTATIONS = YES;
				CLANG_WARN_DIRECT_OBJC_ISA_USAGE = YES_ERROR;
				CLANG_WARN_DOCUMENTATION_COMMENTS = YES;
				CLANG_WARN_EMPTY_BODY = YES;
				CLANG_WARN_ENUM_CONVERSION = YES;
				CLANG_WARN_INFINITE_RECURSION = YES;
				CLANG_WARN_INT_CONVERSION = YES;
				CLANG_WARN_NON_LITERAL_NULL_CONVERSION = YES_AGGRESSIVE;
				CLANG_WARN_OBJC_IMPLICIT_RETAIN_SELF = YES;
				CLANG_WARN_OBJC_LITERAL_CONVERSION = YES;
				CLANG_WARN_OBJC_ROOT_CLASS = YES_ERROR;
				CLANG_WARN_QUOTED_INCLUDE_IN_FRAMEWORK_HEADER = YES;
				CLANG_WARN_RANGE_LOOP_ANALYSIS = YES;
				CLANG_WARN_STRICT_PROTOTYPES = YES;
				CLANG_WARN_SUSPICIOUS_MOVE = YES;
				CLANG_WARN_UNGUARDED_AVAILABILITY = YES_AGGRESSIVE;
				CLANG_WARN_UNREACHABLE_CODE = YES;
				CLANG_WARN__DUPLICATE_METHOD_MATCH = YES;
				COPY_PHASE_STRIP = NO;
				DEBUG_INFORMATION_FORMAT = "dwarf-with-dsym";
				ENABLE_NS_ASSERTIONS = NO;
				ENABLE_STRICT_OBJC_MSGSEND = YES;
				ENABLE_USER_SCRIPT_SANDBOXING = YES;
				GCC_C_LANGUAGE_STANDARD = gnu17;
				GCC_NO_COMMON_BLOCKS = YES;
				GCC_WARN_64_TO_32_BIT_CONVERSION = YES;
				GCC_WARN_ABOUT_RETURN_TYPE = YES_ERROR;
				GCC_WARN_UNDECLARED_SELECTOR = YES;
				GCC_WARN_UNINITIALIZED_AUTOS = YES_AGGRESSIVE;
				GCC_WARN_UNUSED_FUNCTION = YES;
				GCC_WARN_UNUSED_VARIABLE = YES;
				IPHONEOS_DEPLOYMENT_TARGET = 17.0;
				MTL_ENABLE_DEBUG_INFO = NO;
				MTL_FAST_MATH = YES;
				SDKROOT = iphoneos;
				SWIFT_COMPILATION_MODE = wholemodule;
				SWIFT_OPTIMIZATION_LEVEL = "-O";
				VALIDATE_PRODUCT = YES;
			};
			name = Release;
		};
		A00000000000000000000611 /* Debug */ = {
			isa = XCBuildConfiguration;
			buildSettings = {
				ASSETCATALOG_COMPILER_GLOBAL_ACCENT_COLOR_NAME = AccentColor;
				ASSETCATALOG_COMPILER_APPICON_NAME = AppIcon;
				CODE_SIGN_STYLE = Automatic;
				CURRENT_PROJECT_VERSION = 1;
				DEVELOPMENT_TEAM = XHK2HH7BLJ;
				ENABLE_PREVIEWS = YES;
				GENERATE_INFOPLIST_FILE = NO;
				INFOPLIST_FILE = Loop/Resources/Info.plist;
				INFOPLIST_KEY_UIApplicationSceneManifest_Generation = YES;
				IPHONEOS_DEPLOYMENT_TARGET = 17.0;
				LD_RUNPATH_SEARCH_PATHS = (
					"$(inherited)",
					"@executable_path/Frameworks",
				);
				MARKETING_VERSION = 1.0;
				PRODUCT_BUNDLE_IDENTIFIER = com.snowsoftware.loop;
				PRODUCT_NAME = "$(TARGET_NAME)";
				SUPPORTED_PLATFORMS = "iphoneos iphonesimulator";
				SUPPORTS_MACCATALYST = NO;
				SUPPORTS_MAC_DESIGNED_FOR_IPHONE_IPAD = NO;
				SWIFT_EMIT_LOC_STRINGS = YES;
				SWIFT_VERSION = 5.0;
				TARGETED_DEVICE_FAMILY = "1,2";
			};
			name = Debug;
		};
		A00000000000000000000612 /* Release */ = {
			isa = XCBuildConfiguration;
			buildSettings = {
				ASSETCATALOG_COMPILER_GLOBAL_ACCENT_COLOR_NAME = AccentColor;
				ASSETCATALOG_COMPILER_APPICON_NAME = AppIcon;
				CODE_SIGN_STYLE = Automatic;
				CURRENT_PROJECT_VERSION = 1;
				DEVELOPMENT_TEAM = XHK2HH7BLJ;
				ENABLE_PREVIEWS = YES;
				GENERATE_INFOPLIST_FILE = NO;
				INFOPLIST_FILE = Loop/Resources/Info.plist;
				INFOPLIST_KEY_UIApplicationSceneManifest_Generation = YES;
				IPHONEOS_DEPLOYMENT_TARGET = 17.0;
				LD_RUNPATH_SEARCH_PATHS = (
					"$(inherited)",
					"@executable_path/Frameworks",
				);
				MARKETING_VERSION = 1.0;
				PRODUCT_BUNDLE_IDENTIFIER = com.snowsoftware.loop;
				PRODUCT_NAME = "$(TARGET_NAME)";
				SUPPORTED_PLATFORMS = "iphoneos iphonesimulator";
				SUPPORTS_MACCATALYST = NO;
				SUPPORTS_MAC_DESIGNED_FOR_IPHONE_IPAD = NO;
				SWIFT_EMIT_LOC_STRINGS = YES;
				SWIFT_VERSION = 5.0;
				TARGETED_DEVICE_FAMILY = "1,2";
			};
			name = Release;
		};
/* End XCBuildConfiguration section */

/* Begin XCConfigurationList section */
		A00000000000000000000600 /* Build configuration list for PBXProject "Loop" */ = {
			isa = XCConfigurationList;
			buildConfigurations = (
				A00000000000000000000601 /* Debug */,
				A00000000000000000000602 /* Release */,
			);
			defaultConfigurationIsVisible = 0;
			defaultConfigurationName = Release;
		};
		A00000000000000000000610 /* Build configuration list for PBXNativeTarget "Loop" */ = {
			isa = XCConfigurationList;
			buildConfigurations = (
				A00000000000000000000611 /* Debug */,
				A00000000000000000000612 /* Release */,
			);
			defaultConfigurationIsVisible = 0;
			defaultConfigurationName = Release;
		};
/* End XCConfigurationList section */
	};
	rootObject = A00000000000000000000500 /* Project object */;
}
